// !$*UTF8*$!
{
	archiveVersion = 1;
	classes = {
	};
	objectVersion = 56;
	objects = {

/* Begin PBXBuildFile section */
		6B0553F62A01918100666259 /* AppDelegate.swift in Sources */ = {isa = PBXBuildFile; fileRef = 6B0553F52A01918100666259 /* AppDelegate.swift */; };
		6B0553F82A01918100666259 /* SceneDelegate.swift in Sources */ = {isa = PBXBuildFile; fileRef = 6B0553F72A01918100666259 /* SceneDelegate.swift */; };
		6B0553FA2A01918100666259 /* ViewController.swift in Sources */ = {isa = PBXBuildFile; fileRef = 6B0553F92A01918100666259 /* ViewController.swift */; };
		6B0553FD2A01918100666259 /* Main.storyboard in Resources */ = {isa = PBXBuildFile; fileRef = 6B0553FB2A01918100666259 /* Main.storyboard */; };
		6B0553FF2A01918700666259 /* Assets.xcassets in Resources */ = {isa = PBXBuildFile; fileRef = 6B0553FE2A01918700666259 /* Assets.xcassets */; };
		6B0554022A01918700666259 /* LaunchScreen.storyboard in Resources */ = {isa = PBXBuildFile; fileRef = 6B0554002A01918700666259 /* LaunchScreen.storyboard */; };
		6B05540B2A01921200666259 /* Model.swift in Sources */ = {isa = PBXBuildFile; fileRef = 6B05540A2A01921200666259 /* Model.swift */; };
		6B05540D2A01922300666259 /* Service.swift in Sources */ = {isa = PBXBuildFile; fileRef = 6B05540C2A01922300666259 /* Service.swift */; };
		6B05540F2A01924700666259 /* Constants.swift in Sources */ = {isa = PBXBuildFile; fileRef = 6B05540E2A01924700666259 /* Constants.swift */; };
		6BD84DEE2A03C50300DF7289 /* CustomUITextField.swift in Sources */ = {isa = PBXBuildFile; fileRef = 6BD84DED2A03C50300DF7289 /* CustomUITextField.swift */; };
		B04B10C67FED449EC2AE9AEA /* Pods_19_5_Practice_task.framework in Frameworks */ = {isa = PBXBuildFile; fileRef = 31E7AE32479FE9C3D33B7308 /* Pods_19_5_Practice_task.framework */; };
/* End PBXBuildFile section */

/* Begin PBXFileReference section */
		31E7AE32479FE9C3D33B7308 /* Pods_19_5_Practice_task.framework */ = {isa = PBXFileReference; explicitFileType = wrapper.framework; includeInIndex = 0; path = Pods_19_5_Practice_task.framework; sourceTree = BUILT_PRODUCTS_DIR; };
		51779F5D34086BEF2A0FCD30 /* Pods-19.5 Practice task.release.xcconfig */ = {isa = PBXFileReference; includeInIndex = 1; lastKnownFileType = text.xcconfig; name = "Pods-19.5 Practice task.release.xcconfig"; path = "Target Support Files/Pods-19.5 Practice task/Pods-19.5 Practice task.release.xcconfig"; sourceTree = "<group>"; };
		6B0553F22A01918100666259 /* 19.5 Practice task.app */ = {isa = PBXFileReference; explicitFileType = wrapper.application; includeInIndex = 0; path = "19.5 Practice task.app"; sourceTree = BUILT_PRODUCTS_DIR; };
		6B0553F52A01918100666259 /* AppDelegate.swift */ = {isa = PBXFileReference; lastKnownFileType = sourcecode.swift; path = AppDelegate.swift; sourceTree = "<group>"; };
		6B0553F72A01918100666259 /* SceneDelegate.swift */ = {isa = PBXFileReference; lastKnownFileType = sourcecode.swift; path = SceneDelegate.swift; sourceTree = "<group>"; };
		6B0553F92A01918100666259 /* ViewController.swift */ = {isa = PBXFileReference; lastKnownFileType = sourcecode.swift; path = ViewController.swift; sourceTree = "<group>"; };
		6B0553FC2A01918100666259 /* Base */ = {isa = PBXFileReference; lastKnownFileType = file.storyboard; name = Base; path = Base.lproj/Main.storyboard; sourceTree = "<group>"; };
		6B0553FE2A01918700666259 /* Assets.xcassets */ = {isa = PBXFileReference; lastKnownFileType = folder.assetcatalog; path = Assets.xcassets; sourceTree = "<group>"; };
		6B0554012A01918700666259 /* Base */ = {isa = PBXFileReference; lastKnownFileType = file.storyboard; name = Base; path = Base.lproj/LaunchScreen.storyboard; sourceTree = "<group>"; };
		6B0554032A01918700666259 /* Info.plist */ = {isa = PBXFileReference; lastKnownFileType = text.plist.xml; path = Info.plist; sourceTree = "<group>"; };
		6B05540A2A01921200666259 /* Model.swift */ = {isa = PBXFileReference; lastKnownFileType = sourcecode.swift; path = Model.swift; sourceTree = "<group>"; };
		6B05540C2A01922300666259 /* Service.swift */ = {isa = PBXFileReference; lastKnownFileType = sourcecode.swift; path = Service.swift; sourceTree = "<group>"; };
		6B05540E2A01924700666259 /* Constants.swift */ = {isa = PBXFileReference; lastKnownFileType = sourcecode.swift; path = Constants.swift; sourceTree = "<group>"; };
		6BD84DED2A03C50300DF7289 /* CustomUITextField.swift */ = {isa = PBXFileReference; lastKnownFileType = sourcecode.swift; path = CustomUITextField.swift; sourceTree = "<group>"; };
		6BD8D3C42A04F41900EBB703 /* regexTest.playground */ = {isa = PBXFileReference; lastKnownFileType = file.playground; path = regexTest.playground; sourceTree = "<group>"; xcLanguageSpecificationIdentifier = xcode.lang.swift; };
		A684AD2141741C158AFE6124 /* Pods-19.5 Practice task.debug.xcconfig */ = {isa = PBXFileReference; includeInIndex = 1; lastKnownFileType = text.xcconfig; name = "Pods-19.5 Practice task.debug.xcconfig"; path = "Target Support Files/Pods-19.5 Practice task/Pods-19.5 Practice task.debug.xcconfig"; sourceTree = "<group>"; };
/* End PBXFileReference section */

/* Begin PBXFrameworksBuildPhase section */
		6B0553EF2A01918100666259 /* Frameworks */ = {
			isa = PBXFrameworksBuildPhase;
			buildActionMask = 2147483647;
			files = (
				B04B10C67FED449EC2AE9AEA /* Pods_19_5_Practice_task.framework in Frameworks */,
			);
			runOnlyForDeploymentPostprocessing = 0;
		};
/* End PBXFrameworksBuildPhase section */

/* Begin PBXGroup section */
		3613E94EBE9A90CA3CD8A181 /* Frameworks */ = {
			isa = PBXGroup;
			children = (
				31E7AE32479FE9C3D33B7308 /* Pods_19_5_Practice_task.framework */,
			);
			name = Frameworks;
			sourceTree = "<group>";
		};
		5288E09BB2E2B637EE415EC2 /* Pods */ = {
			isa = PBXGroup;
			children = (
				A684AD2141741C158AFE6124 /* Pods-19.5 Practice task.debug.xcconfig */,
				51779F5D34086BEF2A0FCD30 /* Pods-19.5 Practice task.release.xcconfig */,
			);
			path = Pods;
			sourceTree = "<group>";
		};
		6B0553E92A01918100666259 = {
			isa = PBXGroup;
			children = (
				6B0553F42A01918100666259 /* 19.5 Practice task */,
				6B0553F32A01918100666259 /* Products */,
				5288E09BB2E2B637EE415EC2 /* Pods */,
				3613E94EBE9A90CA3CD8A181 /* Frameworks */,
			);
			sourceTree = "<group>";
		};
		6B0553F32A01918100666259 /* Products */ = {
			isa = PBXGroup;
			children = (
				6B0553F22A01918100666259 /* 19.5 Practice task.app */,
			);
			name = Products;
			sourceTree = "<group>";
		};
		6B0553F42A01918100666259 /* 19.5 Practice task */ = {
			isa = PBXGroup;
			children = (
				6B0554092A0191B100666259 /* Supporting Files */,
				6B0553F92A01918100666259 /* ViewController.swift */,
				6B0553FB2A01918100666259 /* Main.storyboard */,
				6B0554032A01918700666259 /* Info.plist */,
				6B05540A2A01921200666259 /* Model.swift */,
				6B05540C2A01922300666259 /* Service.swift */,
				6BD84DED2A03C50300DF7289 /* CustomUITextField.swift */,
			);
			path = "19.5 Practice task";
			sourceTree = "<group>";
		};
		6B0554092A0191B100666259 /* Supporting Files */ = {
			isa = PBXGroup;
			children = (
				6BD8D3C42A04F41900EBB703 /* regexTest.playground */,
				6B0553F72A01918100666259 /* SceneDelegate.swift */,
				6B0553F52A01918100666259 /* AppDelegate.swift */,
				6B0553FE2A01918700666259 /* Assets.xcassets */,
				6B0554002A01918700666259 /* LaunchScreen.storyboard */,
				6B05540E2A01924700666259 /* Constants.swift */,
			);
			path = "Supporting Files";
			sourceTree = "<group>";
		};
/* End PBXGroup section */

/* Begin PBXNativeTarget section */
		6B0553F12A01918100666259 /* 19.5 Practice task */ = {
			isa = PBXNativeTarget;
			buildConfigurationList = 6B0554062A01918700666259 /* Build configuration list for PBXNativeTarget "19.5 Practice task" */;
			buildPhases = (
				2E373AF86BE290D3628E653E /* [CP] Check Pods Manifest.lock */,
				6B0553EE2A01918100666259 /* Sources */,
				6B0553EF2A01918100666259 /* Frameworks */,
				6B0553F02A01918100666259 /* Resources */,
				8911FDA8EF2419C950DCE659 /* [CP] Embed Pods Frameworks */,
			);
			buildRules = (
			);
			dependencies = (
			);
			name = "19.5 Practice task";
			productName = "19.5 Practice task";
			productReference = 6B0553F22A01918100666259 /* 19.5 Practice task.app */;
			productType = "com.apple.product-type.application";
		};
/* End PBXNativeTarget section */

/* Begin PBXProject section */
		6B0553EA2A01918100666259 /* Project object */ = {
			isa = PBXProject;
			attributes = {
				BuildIndependentTargetsInParallel = 1;
				LastSwiftUpdateCheck = 1420;
				LastUpgradeCheck = 1420;
				TargetAttributes = {
					6B0553F12A01918100666259 = {
						CreatedOnToolsVersion = 14.2;
					};
				};
			};
			buildConfigurationList = 6B0553ED2A01918100666259 /* Build configuration list for PBXProject "19.5 Practice task" */;
			compatibilityVersion = "Xcode 14.0";
			developmentRegion = en;
			hasScannedForEncodings = 0;
			knownRegions = (
				en,
				Base,
			);
			mainGroup = 6B0553E92A01918100666259;
			productRefGroup = 6B0553F32A01918100666259 /* Products */;
			projectDirPath = "";
			projectRoot = "";
			targets = (
				6B0553F12A01918100666259 /* 19.5 Practice task */,
			);
		};
/* End PBXProject section */

/* Begin PBXResourcesBuildPhase section */
		6B0553F02A01918100666259 /* Resources */ = {
			isa = PBXResourcesBuildPhase;
			buildActionMask = 2147483647;
			files = (
				6B0554022A01918700666259 /* LaunchScreen.storyboard in Resources */,
				6B0553FF2A01918700666259 /* Assets.xcassets in Resources */,
				6B0553FD2A01918100666259 /* Main.storyboard in Resources */,
			);
			runOnlyForDeploymentPostprocessing = 0;
		};
/* End PBXResourcesBuildPhase section */

/* Begin PBXShellScriptBuildPhase section */
		2E373AF86BE290D3628E653E /* [CP] Check Pods Manifest.lock */ = {
			isa = PBXShellScriptBuildPhase;
			buildActionMask = 2147483647;
			files = (
			);
			inputFileListPaths = (
			);
			inputPaths = (
				"${PODS_PODFILE_DIR_PATH}/Podfile.lock",
				"${PODS_ROOT}/Manifest.lock",
			);
			name = "[CP] Check Pods Manifest.lock";
			outputFileListPaths = (
			);
			outputPaths = (
				"$(DERIVED_FILE_DIR)/Pods-19.5 Practice task-checkManifestLockResult.txt",
			);
			runOnlyForDeploymentPostprocessing = 0;
			shellPath = /bin/sh;
			shellScript = "diff \"${PODS_PODFILE_DIR_PATH}/Podfile.lock\" \"${PODS_ROOT}/Manifest.lock\" > /dev/null\nif [ $? != 0 ] ; then\n    # print error to STDERR\n    echo \"error: The sandbox is not in sync with the Podfile.lock. Run 'pod install' or update your CocoaPods installation.\" >&2\n    exit 1\nfi\n# This output is used by Xcode 'outputs' to avoid re-running this script phase.\necho \"SUCCESS\" > \"${SCRIPT_OUTPUT_FILE_0}\"\n";
			showEnvVarsInLog = 0;
		};
		8911FDA8EF2419C950DCE659 /* [CP] Embed Pods Frameworks */ = {
			isa = PBXShellScriptBuildPhase;
			buildActionMask = 2147483647;
			files = (
			);
			inputFileListPaths = (
				"${PODS_ROOT}/Target Support Files/Pods-19.5 Practice task/Pods-19.5 Practice task-frameworks-${CONFIGURATION}-input-files.xcfilelist",
			);
			name = "[CP] Embed Pods Frameworks";
			outputFileListPaths = (
				"${PODS_ROOT}/Target Support Files/Pods-19.5 Practice task/Pods-19.5 Practice task-frameworks-${CONFIGURATION}-output-files.xcfilelist",
			);
			runOnlyForDeploymentPostprocessing = 0;
			shellPath = /bin/sh;
			shellScript = "\"${PODS_ROOT}/Target Support Files/Pods-19.5 Practice task/Pods-19.5 Practice task-frameworks.sh\"\n";
			showEnvVarsInLog = 0;
		};
/* End PBXShellScriptBuildPhase section */

/* Begin PBXSourcesBuildPhase section */
		6B0553EE2A01918100666259 /* Sources */ = {
			isa = PBXSourcesBuildPhase;
			buildActionMask = 2147483647;
			files = (
				6B0553FA2A01918100666259 /* ViewController.swift in Sources */,
				6B0553F62A01918100666259 /* AppDelegate.swift in Sources */,
				6B05540D2A01922300666259 /* Service.swift in Sources */,
				6B0553F82A01918100666259 /* SceneDelegate.swift in Sources */,
				6BD84DEE2A03C50300DF7289 /* CustomUITextField.swift in Sources */,
				6B05540B2A01921200666259 /* Model.swift in Sources */,
				6B05540F2A01924700666259 /* Constants.swift in Sources */,
			);
			runOnlyForDeploymentPostprocessing = 0;
		};
/* End PBXSourcesBuildPhase section */

/* Begin PBXVariantGroup section */
		6B0553FB2A01918100666259 /* Main.storyboard */ = {
			isa = PBXVariantGroup;
			children = (
				6B0553FC2A01918100666259 /* Base */,
			);
			name = Main.storyboard;
			sourceTree = "<group>";
		};
		6B0554002A01918700666259 /* LaunchScreen.storyboard */ = {
			isa = PBXVariantGroup;
			children = (
				6B0554012A01918700666259 /* Base */,
			);
			name = LaunchScreen.storyboard;
			sourceTree = "<group>";
		};
/* End PBXVariantGroup section */

/* Begin XCBuildConfiguration section */
		6B0554042A01918700666259 /* Debug */ = {
			isa = XCBuildConfiguration;
			buildSettings = {
				ALWAYS_SEARCH_USER_PATHS = NO;
				CLANG_ANALYZER_NONNULL = YES;
				CLANG_ANALYZER_NUMBER_OBJECT_CONVERSION = YES_AGGRESSIVE;
				CLANG_CXX_LANGUAGE_STANDARD = "gnu++20";
				CLANG_ENABLE_MODULES = YES;
				CLANG_ENABLE_OBJC_ARC = YES;
				CLANG_ENABLE_OBJC_WEAK = YES;
				CLANG_WARN_BLOCK_CAPTURE_AUTORELEASING = YES;
				CLANG_WARN_BOOL_CONVERSION = YES;
				CLANG_WARN_COMMA = YES;
				CLANG_WARN_CONSTANT_CONVERSION = YES;
				CLANG_WARN_DEPRECATED_OBJC_IMPLEMENTATIONS = YES;
				CLANG_WARN_DIRECT_OBJC_ISA_USAGE = YES_ERROR;
				CLANG_WARN_DOCUMENTATION_COMMENTS = YES;
				CLANG_WARN_EMPTY_BODY = YES;
				CLANG_WARN_ENUM_CONVERSION = YES;
				CLANG_WARN_INFINITE_RECURSION = YES;
				CLANG_WARN_INT_CONVERSION = YES;
				CLANG_WARN_NON_LITERAL_NULL_CONVERSION = YES;
				CLANG_WARN_OBJC_IMPLICIT_RETAIN_SELF = YES;
				CLANG_WARN_OBJC_LITERAL_CONVERSION = YES;
				CLANG_WARN_OBJC_ROOT_CLASS = YES_ERROR;
				CLANG_WARN_QUOTED_INCLUDE_IN_FRAMEWORK_HEADER = YES;
				CLANG_WARN_RANGE_LOOP_ANALYSIS = YES;
				CLANG_WARN_STRICT_PROTOTYPES = YES;
				CLANG_WARN_SUSPICIOUS_MOVE = YES;
				CLANG_WARN_UNGUARDED_AVAILABILITY = YES_AGGRESSIVE;
				CLANG_WARN_UNREACHABLE_CODE = YES;
				CLANG_WARN__DUPLICATE_METHOD_MATCH = YES;
				COPY_PHASE_STRIP = NO;
				DEBUG_INFORMATION_FORMAT = dwarf;
				ENABLE_STRICT_OBJC_MSGSEND = YES;
				ENABLE_TESTABILITY = YES;
				GCC_C_LANGUAGE_STANDARD = gnu11;
				GCC_DYNAMIC_NO_PIC = NO;
				GCC_NO_COMMON_BLOCKS = YES;
				GCC_OPTIMIZATION_LEVEL = 0;
				GCC_PREPROCESSOR_DEFINITIONS = (
					"DEBUG=1",
					"$(inherited)",
				);
				GCC_WARN_64_TO_32_BIT_CONVERSION = YES;
				GCC_WARN_ABOUT_RETURN_TYPE = YES_ERROR;
				GCC_WARN_UNDECLARED_SELECTOR = YES;
				GCC_WARN_UNINITIALIZED_AUTOS = YES_AGGRESSIVE;
				GCC_WARN_UNUSED_FUNCTION = YES;
				GCC_WARN_UNUSED_VARIABLE = YES;
				IPHONEOS_DEPLOYMENT_TARGET = 16.2;
				MTL_ENABLE_DEBUG_INFO = INCLUDE_SOURCE;
				MTL_FAST_MATH = YES;
				ONLY_ACTIVE_ARCH = YES;
				SDKROOT = iphoneos;
				SWIFT_ACTIVE_COMPILATION_CONDITIONS = DEBUG;
				SWIFT_OPTIMIZATION_LEVEL = "-Onone";
			};
			name = Debug;
		};
		6B0554052A01918700666259 /* Release */ = {
			isa = XCBuildConfiguration;
			buildSettings = {
				ALWAYS_SEARCH_USER_PATHS = NO;
				CLANG_ANALYZER_NONNULL = YES;
				CLANG_ANALYZER_NUMBER_OBJECT_CONVERSION = YES_AGGRESSIVE;
				CLANG_CXX_LANGUAGE_STANDARD = "gnu++20";
				CLANG_ENABLE_MODULES = YES;
				CLANG_ENABLE_OBJC_ARC = YES;
				CLANG_ENABLE_OBJC_WEAK = YES;
				CLANG_WARN_BLOCK_CAPTURE_AUTORELEASING = YES;
				CLANG_WARN_BOOL_CONVERSION = YES;
				CLANG_WARN_COMMA = YES;
				CLANG_WARN_CONSTANT_CONVERSION = YES;
				CLANG_WARN_DEPRECATED_OBJC_IMPLEMENTATIONS = YES;
				CLANG_WARN_DIRECT_OBJC_ISA_USAGE = YES_ERROR;
				CLANG_WARN_DOCUMENTATION_COMMENTS = YES;
				CLANG_WARN_EMPTY_BODY = YES;
				CLANG_WARN_ENUM_CONVERSION = YES;
				CLANG_WARN_INFINITE_RECURSION = YES;
				CLANG_WARN_INT_CONVERSION = YES;
				CLANG_WARN_NON_LITERAL_NULL_CONVERSION = YES;
				CLANG_WARN_OBJC_IMPLICIT_RETAIN_SELF = YES;
				CLANG_WARN_OBJC_LITERAL_CONVERSION = YES;
				CLANG_WARN_OBJC_ROOT_CLASS = YES_ERROR;
				CLANG_WARN_QUOTED_INCLUDE_IN_FRAMEWORK_HEADER = YES;
				CLANG_WARN_RANGE_LOOP_ANALYSIS = YES;
				CLANG_WARN_STRICT_PROTOTYPES = YES;
				CLANG_WARN_SUSPICIOUS_MOVE = YES;
				CLANG_WARN_UNGUARDED_AVAILABILITY = YES_AGGRESSIVE;
				CLANG_WARN_UNREACHABLE_CODE = YES;
				CLANG_WARN__DUPLICATE_METHOD_MATCH = YES;
				COPY_PHASE_STRIP = NO;
				DEBUG_INFORMATION_FORMAT = "dwarf-with-dsym";
				ENABLE_NS_ASSERTIONS = NO;
				ENABLE_STRICT_OBJC_MSGSEND = YES;
				GCC_C_LANGUAGE_STANDARD = gnu11;
				GCC_NO_COMMON_BLOCKS = YES;
				GCC_WARN_64_TO_32_BIT_CONVERSION = YES;
				GCC_WARN_ABOUT_RETURN_TYPE = YES_ERROR;
				GCC_WARN_UNDECLARED_SELECTOR = YES;
				GCC_WARN_UNINITIALIZED_AUTOS = YES_AGGRESSIVE;
				GCC_WARN_UNUSED_FUNCTION = YES;
				GCC_WARN_UNUSED_VARIABLE = YES;
				IPHONEOS_DEPLOYMENT_TARGET = 16.2;
				MTL_ENABLE_DEBUG_INFO = NO;
				MTL_FAST_MATH = YES;
				SDKROOT = iphoneos;
				SWIFT_COMPILATION_MODE = wholemodule;
				SWIFT_OPTIMIZATION_LEVEL = "-O";
				VALIDATE_PRODUCT = YES;
			};
			name = Release;
		};
		6B0554072A01918700666259 /* Debug */ = {
			isa = XCBuildConfiguration;
			baseConfigurationReference = A684AD2141741C158AFE6124 /* Pods-19.5 Practice task.debug.xcconfig */;
			buildSettings = {
				ASSETCATALOG_COMPILER_APPICON_NAME = AppIcon;
				ASSETCATALOG_COMPILER_GLOBAL_ACCENT_COLOR_NAME = AccentColor;
				CODE_SIGN_STYLE = Automatic;
				CURRENT_PROJECT_VERSION = 1;
				DEVELOPMENT_TEAM = 357UCBR2GF;
				GENERATE_INFOPLIST_FILE = YES;
				INFOPLIST_FILE = "19.5 Practice task/Info.plist";
				INFOPLIST_KEY_UIApplicationSupportsIndirectInputEvents = YES;
				INFOPLIST_KEY_UILaunchStoryboardName = LaunchScreen;
				INFOPLIST_KEY_UIMainStoryboardFile = Main;
				INFOPLIST_KEY_UISupportedInterfaceOrientations_iPad = "UIInterfaceOrientationPortrait UIInterfaceOrientationPortraitUpsideDown UIInterfaceOrientationLandscapeLeft UIInterfaceOrientationLandscapeRight";
				INFOPLIST_KEY_UISupportedInterfaceOrientations_iPhone = "UIInterfaceOrientationPortrait UIInterfaceOrientationLandscapeLeft UIInterfaceOrientationLandscapeRight";
				LD_RUNPATH_SEARCH_PATHS = (
					"$(inherited)",
					"@executable_path/Frameworks",
				);
				MARKETING_VERSION = 1.0;
				PRODUCT_BUNDLE_IDENTIFIER = "AytovAV.-9-5-Practice-task";
				PRODUCT_NAME = "$(TARGET_NAME)";
				SWIFT_EMIT_LOC_STRINGS = YES;
				SWIFT_VERSION = 5.0;
				TARGETED_DEVICE_FAMILY = "1,2";
			};
			name = Debug;
		};
		6B0554082A01918700666259 /* Release */ = {
			isa = XCBuildConfiguration;
			baseConfigurationReference = 51779F5D34086BEF2A0FCD30 /* Pods-19.5 Practice task.release.xcconfig */;
			buildSettings = {
				ASSETCATALOG_COMPILER_APPICON_NAME = AppIcon;
				ASSETCATALOG_COMPILER_GLOBAL_ACCENT_COLOR_NAME = AccentColor;
				CODE_SIGN_STYLE = Automatic;
				CURRENT_PROJECT_VERSION = 1;
				DEVELOPMENT_TEAM = 357UCBR2GF;
				GENERATE_INFOPLIST_FILE = YES;
				INFOPLIST_FILE = "19.5 Practice task/Info.plist";
				INFOPLIST_KEY_UIApplicationSupportsIndirectInputEvents = YES;
				INFOPLIST_KEY_UILaunchStoryboardName = LaunchScreen;
				INFOPLIST_KEY_UIMainStoryboardFile = Main;
				INFOPLIST_KEY_UISupportedInterfaceOrientations_iPad = "UIInterfaceOrientationPortrait UIInterfaceOrientationPortraitUpsideDown UIInterfaceOrientationLandscapeLeft UIInterfaceOrientationLandscapeRight";
				INFOPLIST_KEY_UISupportedInterfaceOrientations_iPhone = "UIInterfaceOrientationPortrait UIInterfaceOrientationLandscapeLeft UIInterfaceOrientationLandscapeRight";
				LD_RUNPATH_SEARCH_PATHS = (
					"$(inherited)",
					"@executable_path/Frameworks",
				);
				MARKETING_VERSION = 1.0;
				PRODUCT_BUNDLE_IDENTIFIER = "AytovAV.-9-5-Practice-task";
				PRODUCT_NAME = "$(TARGET_NAME)";
				SWIFT_EMIT_LOC_STRINGS = YES;
				SWIFT_VERSION = 5.0;
				TARGETED_DEVICE_FAMILY = "1,2";
			};
			name = Release;
		};
/* End XCBuildConfiguration section */

/* Begin XCConfigurationList section */
		6B0553ED2A01918100666259 /* Build configuration list for PBXProject "19.5 Practice task" */ = {
			isa = XCConfigurationList;
			buildConfigurations = (
				6B0554042A01918700666259 /* Debug */,
				6B0554052A01918700666259 /* Release */,
			);
			defaultConfigurationIsVisible = 0;
			defaultConfigurationName = Release;
		};
		6B0554062A01918700666259 /* Build configuration list for PBXNativeTarget "19.5 Practice task" */ = {
			isa = XCConfigurationList;
			buildConfigurations = (
				6B0554072A01918700666259 /* Debug */,
				6B0554082A01918700666259 /* Release */,
			);
			defaultConfigurationIsVisible = 0;
			defaultConfigurationName = Release;
		};
/* End XCConfigurationList section */
	};
	rootObject = 6B0553EA2A01918100666259 /* Project object */;
}
